# Code generated by scarb DO NOT EDIT.
version = 1

[[package]]
name = "openzeppelin"
version = "0.7.0-rc.0"
source = "git+https://github.com/snapshot-labs/openzeppelin-cairo-contracts.git?branch=feat%2Ferc20votes-%23631-frozen#e9d17922f938cc62c7dabaf13d700e7290b7c274"

[[package]]
name = "sx"
version = "0.1.0"
dependencies = [
 "openzeppelin",
]
